{
  "version": 4,
  "terraform_version": "1.6.6",
  "serial": 11,
  "lineage": "c187f534-e651-70d0-25a3-51853e661b43",
  "outputs": {},
  "resources": [
    {
      "module": "module.logs",
      "mode": "managed",
      "type": "aws_dynamodb_table",
      "name": "logs",
      "provider": "provider[\"registry.terraform.io/hashicorp/aws\"]",
      "instances": [
        {
          "schema_version": 1,
          "attributes": {
            "arn": "arn:aws:dynamodb:us-east-1:734426407668:table/dev-logs",
            "attribute": [
              {
                "name": "id",
                "type": "S"
              }
            ],
            "billing_mode": "PROVISIONED",
            "deletion_protection_enabled": false,
            "global_secondary_index": [],
            "hash_key": "id",
            "id": "dev-logs",
            "import_table": [],
            "local_secondary_index": [],
            "name": "dev-logs",
            "point_in_time_recovery": [
              {
                "enabled": false
              }
            ],
            "range_key": null,
            "read_capacity": 1,
            "replica": [],
            "restore_date_time": null,
            "restore_source_name": null,
            "restore_to_latest_time": null,
            "server_side_encryption": [],
            "stream_arn": "",
            "stream_enabled": false,
            "stream_label": "",
            "stream_view_type": "",
            "table_class": "STANDARD",
            "tags": {},
            "tags_all": {},
            "timeouts": null,
            "ttl": [
              {
                "attribute_name": "",
                "enabled": false
              }
            ],
            "write_capacity": 1
          },
          "sensitive_attributes": [],
          "private": "eyJlMmJmYjczMC1lY2FhLTExZTYtOGY4OC0zNDM2M2JjN2M0YzAiOnsiY3JlYXRlIjoxODAwMDAwMDAwMDAwLCJkZWxldGUiOjYwMDAwMDAwMDAwMCwidXBkYXRlIjozNjAwMDAwMDAwMDAwfSwic2NoZW1hX3ZlcnNpb24iOiIxIn0="
        }
      ]
    },
    {
      "module": "module.logs",
      "mode": "managed",
      "type": "aws_iam_policy",
      "name": "convert_policy",
      "provider": "provider[\"registry.terraform.io/hashicorp/aws\"]",
      "instances": [
        {
          "schema_version": 0,
          "attributes": {
            "arn": "arn:aws:iam::734426407668:policy/devconvert_policy",
            "description": "My test policy",
            "id": "arn:aws:iam::734426407668:policy/devconvert_policy",
            "name": "devconvert_policy",
            "name_prefix": "",
            "path": "/",
            "policy": "{\"Statement\":[{\"Action\":[\"dynamodb:PutItem*\"],\"Effect\":\"Allow\",\"Resource\":\"arn:aws:dynamodb:us-east-1:734426407668:table/dev-logs\"}],\"Version\":\"2012-10-17\"}",
            "policy_id": "ANPA2V7ZZUL2EQFOVXNGU",
            "tags": {},
            "tags_all": {}
          },
          "sensitive_attributes": [],
          "private": "bnVsbA==",
          "dependencies": [
            "module.logs.aws_dynamodb_table.logs"
          ]
        }
      ]
    },
    {
      "module": "module.logs",
      "mode": "managed",
      "type": "aws_iam_policy_attachment",
      "name": "convert_policy_attachment",
      "provider": "provider[\"registry.terraform.io/hashicorp/aws\"]",
      "instances": [
        {
          "schema_version": 0,
          "attributes": {
            "groups": [],
            "id": "dev-convert_policy_attachment",
            "name": "dev-convert_policy_attachment",
            "policy_arn": "arn:aws:iam::734426407668:policy/devconvert_policy",
            "roles": [
              "dev-convert_iam_role"
            ],
            "users": []
          },
          "sensitive_attributes": [],
          "private": "bnVsbA==",
          "dependencies": [
            "module.logs.aws_dynamodb_table.logs",
            "module.logs.aws_iam_policy.convert_policy",
            "module.logs.aws_iam_role.convert_iam_role"
          ]
        }
      ]
    },
    {
      "module": "module.logs",
      "mode": "managed",
      "type": "aws_iam_role",
      "name": "convert_iam_role",
      "provider": "provider[\"registry.terraform.io/hashicorp/aws\"]",
      "instances": [
        {
          "schema_version": 0,
          "attributes": {
            "arn": "arn:aws:iam::734426407668:role/dev-convert_iam_role",
            "assume_role_policy": "{\"Statement\":[{\"Action\":\"sts:AssumeRole\",\"Effect\":\"Allow\",\"Principal\":{\"Service\":\"lambda.amazonaws.com\"},\"Sid\":\"\"}],\"Version\":\"2012-10-17\"}",
            "create_date": "2023-12-28T23:00:30Z",
            "description": "",
            "force_detach_policies": false,
            "id": "dev-convert_iam_role",
            "inline_policy": [],
            "managed_policy_arns": [
              "arn:aws:iam::734426407668:policy/devconvert_policy"
            ],
            "max_session_duration": 3600,
            "name": "dev-convert_iam_role",
            "name_prefix": "",
            "path": "/",
            "permissions_boundary": "",
            "tags": {},
            "tags_all": {},
            "unique_id": "AROA2V7ZZUL2CQKQO5OGJ"
          },
          "sensitive_attributes": [],
          "private": "bnVsbA=="
        }
      ]
    },
    {
      "module": "module.logs",
      "mode": "managed",
      "type": "aws_ssm_parameter",
      "name": "convert_iam_role",
      "provider": "provider[\"registry.terraform.io/hashicorp/aws\"]",
      "instances": [
        {
          "schema_version": 0,
          "attributes": {
            "allowed_pattern": "",
            "arn": "arn:aws:ssm:us-east-1:734426407668:parameter/dev-convert_iam_role",
            "data_type": "text",
            "description": "",
            "id": "dev-convert_iam_role",
            "insecure_value": null,
            "key_id": "",
            "name": "dev-convert_iam_role",
            "overwrite": null,
            "tags": {},
            "tags_all": {},
            "tier": "Standard",
            "type": "String",
            "value": "arn:aws:iam::734426407668:role/dev-convert_iam_role",
            "version": 1
          },
          "sensitive_attributes": [],
          "private": "bnVsbA==",
          "dependencies": [
            "module.logs.aws_iam_role.convert_iam_role"
          ]
        }
      ]
    },
    {
      "module": "module.logs",
      "mode": "managed",
      "type": "aws_ssm_parameter",
      "name": "dynamodb_logs_table",
      "provider": "provider[\"registry.terraform.io/hashicorp/aws\"]",
      "instances": [
        {
          "schema_version": 0,
          "attributes": {
            "allowed_pattern": "",
            "arn": "arn:aws:ssm:us-east-1:734426407668:parameter/dev-dynamodb-logs-table",
            "data_type": "text",
            "description": "",
            "id": "dev-dynamodb-logs-table",
            "insecure_value": null,
            "key_id": "",
            "name": "dev-dynamodb-logs-table",
            "overwrite": null,
            "tags": {},
            "tags_all": {},
            "tier": "Standard",
            "type": "String",
            "value": "dev-logs",
            "version": 1
          },
          "sensitive_attributes": [],
          "private": "bnVsbA==",
          "dependencies": [
            "module.logs.aws_dynamodb_table.logs"
          ]
        }
      ]
    }
  ],
  "check_results": null
}
